{
    "name": "vscode-antimony-syntax",
    "version": "0.1.2",
    "lockfileVersion": 2,
    "requires": true,
    "packages": {
        "": {
            "name": "vscode-antimony-syntax",
            "version": "0.1.2",
            "license": "MIT",
            "engines": {
                "vscode": "^1.63.0"
            }
        }
    }
}
